PODS:
  - KFXLog (2.1.0)
  - KFXLogUI (0.1.0):
    - KFXLog

DEPENDENCIES:
  - KFXLog (from `../`)
  - KFXLogUI

SPEC REPOS:
  trunk:
    - KFXLogUI

EXTERNAL SOURCES:
  KFXLog:
    :path: "../"

SPEC CHECKSUMS:
  KFXLog: ac198320fe7bb7c42796fed7343236be2e8b4b79
  KFXLogUI: a5162b76826aa6f635f429001ecae72cadb5e68e

PODFILE CHECKSUM: c048cd4dfff403fe7afbda6d28376b3a8437b745

COCOAPODS: 1.10.1
